// !$*UTF8*$!
{
	archiveVersion = 1;
	classes = {
	};
	objectVersion = 56;
	objects = {

/* Begin PBXBuildFile section */
		5802E8AC2A55732200731E1C /* Onboarding2.swift in Sources */ = {isa = PBXBuildFile; fileRef = 5802E8AB2A55732200731E1C /* Onboarding2.swift */; };
		5802E8AE2A55803D00731E1C /* Onboarding3.swift in Sources */ = {isa = PBXBuildFile; fileRef = 5802E8AD2A55803D00731E1C /* Onboarding3.swift */; };
		5802E8B02A55830900731E1C /* LandingPage.swift in Sources */ = {isa = PBXBuildFile; fileRef = 5802E8AF2A55830900731E1C /* LandingPage.swift */; };
		5802E8B62A55B0BB00731E1C /* Splash.swift in Sources */ = {isa = PBXBuildFile; fileRef = 5802E8B52A55B0BB00731E1C /* Splash.swift */; };
		584972B52A5C5CCD00CE105F /* CustomTabBar.swift in Sources */ = {isa = PBXBuildFile; fileRef = 584972B42A5C5CCD00CE105F /* CustomTabBar.swift */; };
		584972B72A5C666200CE105F /* TabBarButton.swift in Sources */ = {isa = PBXBuildFile; fileRef = 584972B62A5C666200CE105F /* TabBarButton.swift */; };
		584DCE052A601EB500CB2AFC /* SwiftUI.framework in Frameworks */ = {isa = PBXBuildFile; fileRef = 584DCE042A601EB500CB2AFC /* SwiftUI.framework */; };
		584DCE072A601EBB00CB2AFC /* UIKit.framework in Frameworks */ = {isa = PBXBuildFile; fileRef = 584DCE062A601EBB00CB2AFC /* UIKit.framework */; };
		584DCE092A601EC100CB2AFC /* CoreData.framework in Frameworks */ = {isa = PBXBuildFile; fileRef = 584DCE082A601EC100CB2AFC /* CoreData.framework */; };
		58576C382A613BBA00281F08 /* .gitignore in Resources */ = {isa = PBXBuildFile; fileRef = 58576C372A613BBA00281F08 /* .gitignore */; };
		585A00B72A5F0E4F0039125D /* OfficePage.swift in Sources */ = {isa = PBXBuildFile; fileRef = 585A00B62A5F0E4F0039125D /* OfficePage.swift */; };
		586373552A5EA56300CF3F25 /* SearchResult.swift in Sources */ = {isa = PBXBuildFile; fileRef = 586373542A5EA56300CF3F25 /* SearchResult.swift */; };
		586373592A5EB13D00CF3F25 /* StartingPoint.swift in Sources */ = {isa = PBXBuildFile; fileRef = 586373582A5EB13D00CF3F25 /* StartingPoint.swift */; };
		5863735B2A5EB17A00CF3F25 /* Item.swift in Sources */ = {isa = PBXBuildFile; fileRef = 5863735A2A5EB17A00CF3F25 /* Item.swift */; };
		586373612A5EB74D00CF3F25 /* MapPage.swift in Sources */ = {isa = PBXBuildFile; fileRef = 586373602A5EB74D00CF3F25 /* MapPage.swift */; };
		58D5F6FB2A59C66D0025FE09 /* codemagic.yaml in Resources */ = {isa = PBXBuildFile; fileRef = 58D5F6FA2A59C66D0025FE09 /* codemagic.yaml */; };
		58E662122A55231F0050A269 /* Binus_XploreApp.swift in Sources */ = {isa = PBXBuildFile; fileRef = 58E662112A55231F0050A269 /* Binus_XploreApp.swift */; };
		58E662142A55231F0050A269 /* Onboarding.swift in Sources */ = {isa = PBXBuildFile; fileRef = 58E662132A55231F0050A269 /* Onboarding.swift */; };
		58E662162A5523210050A269 /* Assets.xcassets in Resources */ = {isa = PBXBuildFile; fileRef = 58E662152A5523210050A269 /* Assets.xcassets */; };
		58E662192A5523210050A269 /* Preview Assets.xcassets in Resources */ = {isa = PBXBuildFile; fileRef = 58E662182A5523210050A269 /* Preview Assets.xcassets */; };
		58E6621B2A5523210050A269 /* Persistence.swift in Sources */ = {isa = PBXBuildFile; fileRef = 58E6621A2A5523210050A269 /* Persistence.swift */; };
		58E6621E2A5523210050A269 /* Binus_Xplore.xcdatamodeld in Sources */ = {isa = PBXBuildFile; fileRef = 58E6621C2A5523210050A269 /* Binus_Xplore.xcdatamodeld */; };
		58E662282A5523210050A269 /* Binus_XploreTests.swift in Sources */ = {isa = PBXBuildFile; fileRef = 58E662272A5523210050A269 /* Binus_XploreTests.swift */; };
		58E662322A5523210050A269 /* Binus_XploreUITests.swift in Sources */ = {isa = PBXBuildFile; fileRef = 58E662312A5523210050A269 /* Binus_XploreUITests.swift */; };
		58E662342A5523210050A269 /* Binus_XploreUITestsLaunchTests.swift in Sources */ = {isa = PBXBuildFile; fileRef = 58E662332A5523210050A269 /* Binus_XploreUITestsLaunchTests.swift */; };
		655D6E4B2A668021004554C3 /* MapNav.swift in Sources */ = {isa = PBXBuildFile; fileRef = 655D6E4A2A668021004554C3 /* MapNav.swift */; };
		655D6E4D2A668079004554C3 /* MapNavView.swift in Sources */ = {isa = PBXBuildFile; fileRef = 655D6E4C2A668079004554C3 /* MapNavView.swift */; };
		655D6E4F2A6680AA004554C3 /* MapNavChecked.swift in Sources */ = {isa = PBXBuildFile; fileRef = 655D6E4E2A6680AA004554C3 /* MapNavChecked.swift */; };
		8F0CFB792A6432C600EDDFE4 /* Pinpoint.swift in Sources */ = {isa = PBXBuildFile; fileRef = 8F0CFB782A6432C600EDDFE4 /* Pinpoint.swift */; };
		8F34C87D2A62269D000C16CE /* comparison.swift in Sources */ = {isa = PBXBuildFile; fileRef = 8F34C87C2A62269D000C16CE /* comparison.swift */; };
		8F7FA6372A5D8FD3006BC3A1 /* HomeView.swift in Sources */ = {isa = PBXBuildFile; fileRef = 8F7FA6362A5D8FD3006BC3A1 /* HomeView.swift */; };
		8FA26A042A5C718800B2A34D /* Bookmark.swift in Sources */ = {isa = PBXBuildFile; fileRef = 8FA26A032A5C718800B2A34D /* Bookmark.swift */; };
		8FB6EECB2A5C00E100B13F00 /* Model.xcdatamodeld in Sources */ = {isa = PBXBuildFile; fileRef = 8FB6EEC92A5C00E100B13F00 /* Model.xcdatamodeld */; };
		8FB794E12A6135020022725D /* ContentNav.swift in Sources */ = {isa = PBXBuildFile; fileRef = 8FB794E02A6135020022725D /* ContentNav.swift */; };
		8FB794E32A6144290022725D /* Loginpage.swift in Sources */ = {isa = PBXBuildFile; fileRef = 8FB794E22A6144290022725D /* Loginpage.swift */; };
		8FB794E52A6144970022725D /* Registerpage.swift in Sources */ = {isa = PBXBuildFile; fileRef = 8FB794E42A6144970022725D /* Registerpage.swift */; };
		8FB91F8B2A65293000E4AD10 /* SummarizePage.swift in Sources */ = {isa = PBXBuildFile; fileRef = 8FB91F8A2A65293000E4AD10 /* SummarizePage.swift */; };
		8FC160C52A5EF1D300EB8053 /* Profile.swift in Sources */ = {isa = PBXBuildFile; fileRef = 8FC160C42A5EF1D300EB8053 /* Profile.swift */; };
		8FF52AB82A682EBB00E9B9D3 /* SearchResult2.swift in Sources */ = {isa = PBXBuildFile; fileRef = 8FF52AB72A682EBB00E9B9D3 /* SearchResult2.swift */; };
		8FF52ABA2A682EFC00E9B9D3 /* informationCardView2.swift in Sources */ = {isa = PBXBuildFile; fileRef = 8FF52AB92A682EFC00E9B9D3 /* informationCardView2.swift */; };
		8FF52ABC2A682F2100E9B9D3 /* informationContent2.swift in Sources */ = {isa = PBXBuildFile; fileRef = 8FF52ABB2A682F2100E9B9D3 /* informationContent2.swift */; };
		9A73A6092A6003B20054FD29 /* informationCardView.swift in Sources */ = {isa = PBXBuildFile; fileRef = 9A73A6082A6003B20054FD29 /* informationCardView.swift */; };
		9A73A60B2A6003D20054FD29 /* informationContent.swift in Sources */ = {isa = PBXBuildFile; fileRef = 9A73A60A2A6003D20054FD29 /* informationContent.swift */; };
		9A73A60F2A60044F0054FD29 /* back.swift in Sources */ = {isa = PBXBuildFile; fileRef = 9A73A60E2A60044F0054FD29 /* back.swift */; };
/* End PBXBuildFile section */

/* Begin PBXContainerItemProxy section */
		58E662242A5523210050A269 /* PBXContainerItemProxy */ = {
			isa = PBXContainerItemProxy;
			containerPortal = 58E662062A55231F0050A269 /* Project object */;
			proxyType = 1;
			remoteGlobalIDString = 58E6620D2A55231F0050A269;
			remoteInfo = "Binus Xplore";
		};
		58E6622E2A5523210050A269 /* PBXContainerItemProxy */ = {
			isa = PBXContainerItemProxy;
			containerPortal = 58E662062A55231F0050A269 /* Project object */;
			proxyType = 1;
			remoteGlobalIDString = 58E6620D2A55231F0050A269;
			remoteInfo = "Binus Xplore";
		};
/* End PBXContainerItemProxy section */

/* Begin PBXFileReference section */
		5802E8AB2A55732200731E1C /* Onboarding2.swift */ = {isa = PBXFileReference; lastKnownFileType = sourcecode.swift; path = Onboarding2.swift; sourceTree = "<group>"; };
		5802E8AD2A55803D00731E1C /* Onboarding3.swift */ = {isa = PBXFileReference; lastKnownFileType = sourcecode.swift; path = Onboarding3.swift; sourceTree = "<group>"; };
		5802E8AF2A55830900731E1C /* LandingPage.swift */ = {isa = PBXFileReference; lastKnownFileType = sourcecode.swift; path = LandingPage.swift; sourceTree = "<group>"; };
		5802E8B52A55B0BB00731E1C /* Splash.swift */ = {isa = PBXFileReference; lastKnownFileType = sourcecode.swift; path = Splash.swift; sourceTree = "<group>"; };
		584972B42A5C5CCD00CE105F /* CustomTabBar.swift */ = {isa = PBXFileReference; lastKnownFileType = sourcecode.swift; path = CustomTabBar.swift; sourceTree = "<group>"; };
		584972B62A5C666200CE105F /* TabBarButton.swift */ = {isa = PBXFileReference; lastKnownFileType = sourcecode.swift; path = TabBarButton.swift; sourceTree = "<group>"; };
		584DCE042A601EB500CB2AFC /* SwiftUI.framework */ = {isa = PBXFileReference; lastKnownFileType = wrapper.framework; name = SwiftUI.framework; path = System/Library/Frameworks/SwiftUI.framework; sourceTree = SDKROOT; };
		584DCE062A601EBB00CB2AFC /* UIKit.framework */ = {isa = PBXFileReference; lastKnownFileType = wrapper.framework; name = UIKit.framework; path = System/Library/Frameworks/UIKit.framework; sourceTree = SDKROOT; };
		584DCE082A601EC100CB2AFC /* CoreData.framework */ = {isa = PBXFileReference; lastKnownFileType = wrapper.framework; name = CoreData.framework; path = System/Library/Frameworks/CoreData.framework; sourceTree = SDKROOT; };
		58576C372A613BBA00281F08 /* .gitignore */ = {isa = PBXFileReference; lastKnownFileType = text; path = .gitignore; sourceTree = "<group>"; };
		585A00B62A5F0E4F0039125D /* OfficePage.swift */ = {isa = PBXFileReference; lastKnownFileType = sourcecode.swift; path = OfficePage.swift; sourceTree = "<group>"; };
		586373542A5EA56300CF3F25 /* SearchResult.swift */ = {isa = PBXFileReference; lastKnownFileType = sourcecode.swift; path = SearchResult.swift; sourceTree = "<group>"; };
		586373582A5EB13D00CF3F25 /* StartingPoint.swift */ = {isa = PBXFileReference; lastKnownFileType = sourcecode.swift; path = StartingPoint.swift; sourceTree = "<group>"; };
		5863735A2A5EB17A00CF3F25 /* Item.swift */ = {isa = PBXFileReference; lastKnownFileType = sourcecode.swift; path = Item.swift; sourceTree = "<group>"; };
		586373602A5EB74D00CF3F25 /* MapPage.swift */ = {isa = PBXFileReference; lastKnownFileType = sourcecode.swift; path = MapPage.swift; sourceTree = "<group>"; };
		58D5F6FA2A59C66D0025FE09 /* codemagic.yaml */ = {isa = PBXFileReference; lastKnownFileType = text.yaml; path = codemagic.yaml; sourceTree = "<group>"; };
		58E6620E2A55231F0050A269 /* Binus Xplore.app */ = {isa = PBXFileReference; explicitFileType = wrapper.application; includeInIndex = 0; path = "Binus Xplore.app"; sourceTree = BUILT_PRODUCTS_DIR; };
		58E662112A55231F0050A269 /* Binus_XploreApp.swift */ = {isa = PBXFileReference; lastKnownFileType = sourcecode.swift; path = Binus_XploreApp.swift; sourceTree = "<group>"; };
		58E662132A55231F0050A269 /* Onboarding.swift */ = {isa = PBXFileReference; lastKnownFileType = sourcecode.swift; path = Onboarding.swift; sourceTree = "<group>"; };
		58E662152A5523210050A269 /* Assets.xcassets */ = {isa = PBXFileReference; lastKnownFileType = folder.assetcatalog; path = Assets.xcassets; sourceTree = "<group>"; };
		58E662182A5523210050A269 /* Preview Assets.xcassets */ = {isa = PBXFileReference; lastKnownFileType = folder.assetcatalog; path = "Preview Assets.xcassets"; sourceTree = "<group>"; };
		58E6621A2A5523210050A269 /* Persistence.swift */ = {isa = PBXFileReference; lastKnownFileType = sourcecode.swift; path = Persistence.swift; sourceTree = "<group>"; };
		58E6621D2A5523210050A269 /* Binus_Xplore.xcdatamodel */ = {isa = PBXFileReference; lastKnownFileType = wrapper.xcdatamodel; path = Binus_Xplore.xcdatamodel; sourceTree = "<group>"; };
		58E662232A5523210050A269 /* Binus XploreTests.xctest */ = {isa = PBXFileReference; explicitFileType = wrapper.cfbundle; includeInIndex = 0; path = "Binus XploreTests.xctest"; sourceTree = BUILT_PRODUCTS_DIR; };
		58E662272A5523210050A269 /* Binus_XploreTests.swift */ = {isa = PBXFileReference; lastKnownFileType = sourcecode.swift; path = Binus_XploreTests.swift; sourceTree = "<group>"; };
		58E6622D2A5523210050A269 /* Binus XploreUITests.xctest */ = {isa = PBXFileReference; explicitFileType = wrapper.cfbundle; includeInIndex = 0; path = "Binus XploreUITests.xctest"; sourceTree = BUILT_PRODUCTS_DIR; };
		58E662312A5523210050A269 /* Binus_XploreUITests.swift */ = {isa = PBXFileReference; lastKnownFileType = sourcecode.swift; path = Binus_XploreUITests.swift; sourceTree = "<group>"; };
		58E662332A5523210050A269 /* Binus_XploreUITestsLaunchTests.swift */ = {isa = PBXFileReference; lastKnownFileType = sourcecode.swift; path = Binus_XploreUITestsLaunchTests.swift; sourceTree = "<group>"; };
		655D6E4A2A668021004554C3 /* MapNav.swift */ = {isa = PBXFileReference; lastKnownFileType = sourcecode.swift; path = MapNav.swift; sourceTree = "<group>"; };
		655D6E4C2A668079004554C3 /* MapNavView.swift */ = {isa = PBXFileReference; lastKnownFileType = sourcecode.swift; path = MapNavView.swift; sourceTree = "<group>"; };
		655D6E4E2A6680AA004554C3 /* MapNavChecked.swift */ = {isa = PBXFileReference; lastKnownFileType = sourcecode.swift; path = MapNavChecked.swift; sourceTree = "<group>"; };
		8F0CFB782A6432C600EDDFE4 /* Pinpoint.swift */ = {isa = PBXFileReference; lastKnownFileType = sourcecode.swift; path = Pinpoint.swift; sourceTree = "<group>"; };
		8F34C87C2A62269D000C16CE /* comparison.swift */ = {isa = PBXFileReference; lastKnownFileType = sourcecode.swift; path = comparison.swift; sourceTree = "<group>"; };
		8F7FA6362A5D8FD3006BC3A1 /* HomeView.swift */ = {isa = PBXFileReference; lastKnownFileType = sourcecode.swift; path = HomeView.swift; sourceTree = "<group>"; };
		8FA26A032A5C718800B2A34D /* Bookmark.swift */ = {isa = PBXFileReference; lastKnownFileType = sourcecode.swift; path = Bookmark.swift; sourceTree = "<group>"; };
		8FB6EECA2A5C00E100B13F00 /* Model.xcdatamodel */ = {isa = PBXFileReference; lastKnownFileType = wrapper.xcdatamodel; path = Model.xcdatamodel; sourceTree = "<group>"; };
		8FB794E02A6135020022725D /* ContentNav.swift */ = {isa = PBXFileReference; lastKnownFileType = sourcecode.swift; path = ContentNav.swift; sourceTree = "<group>"; };
		8FB794E22A6144290022725D /* Loginpage.swift */ = {isa = PBXFileReference; lastKnownFileType = sourcecode.swift; path = Loginpage.swift; sourceTree = "<group>"; };
		8FB794E42A6144970022725D /* Registerpage.swift */ = {isa = PBXFileReference; lastKnownFileType = sourcecode.swift; path = Registerpage.swift; sourceTree = "<group>"; };
		8FB91F8A2A65293000E4AD10 /* SummarizePage.swift */ = {isa = PBXFileReference; lastKnownFileType = sourcecode.swift; path = SummarizePage.swift; sourceTree = "<group>"; };
		8FC160C42A5EF1D300EB8053 /* Profile.swift */ = {isa = PBXFileReference; lastKnownFileType = sourcecode.swift; path = Profile.swift; sourceTree = "<group>"; };
		8FF52AB72A682EBB00E9B9D3 /* SearchResult2.swift */ = {isa = PBXFileReference; lastKnownFileType = sourcecode.swift; path = SearchResult2.swift; sourceTree = "<group>"; };
		8FF52AB92A682EFC00E9B9D3 /* informationCardView2.swift */ = {isa = PBXFileReference; lastKnownFileType = sourcecode.swift; path = informationCardView2.swift; sourceTree = "<group>"; };
		8FF52ABB2A682F2100E9B9D3 /* informationContent2.swift */ = {isa = PBXFileReference; lastKnownFileType = sourcecode.swift; path = informationContent2.swift; sourceTree = "<group>"; };
		9A73A6082A6003B20054FD29 /* informationCardView.swift */ = {isa = PBXFileReference; lastKnownFileType = sourcecode.swift; path = informationCardView.swift; sourceTree = "<group>"; };
		9A73A60A2A6003D20054FD29 /* informationContent.swift */ = {isa = PBXFileReference; lastKnownFileType = sourcecode.swift; path = informationContent.swift; sourceTree = "<group>"; };
		9A73A60E2A60044F0054FD29 /* back.swift */ = {isa = PBXFileReference; lastKnownFileType = sourcecode.swift; path = back.swift; sourceTree = "<group>"; };
/* End PBXFileReference section */

/* Begin PBXFrameworksBuildPhase section */
		58E6620B2A55231F0050A269 /* Frameworks */ = {
			isa = PBXFrameworksBuildPhase;
			buildActionMask = 2147483647;
			files = (
				584DCE052A601EB500CB2AFC /* SwiftUI.framework in Frameworks */,
				584DCE092A601EC100CB2AFC /* CoreData.framework in Frameworks */,
				584DCE072A601EBB00CB2AFC /* UIKit.framework in Frameworks */,
			);
			runOnlyForDeploymentPostprocessing = 0;
		};
		58E662202A5523210050A269 /* Frameworks */ = {
			isa = PBXFrameworksBuildPhase;
			buildActionMask = 2147483647;
			files = (
			);
			runOnlyForDeploymentPostprocessing = 0;
		};
		58E6622A2A5523210050A269 /* Frameworks */ = {
			isa = PBXFrameworksBuildPhase;
			buildActionMask = 2147483647;
			files = (
			);
			runOnlyForDeploymentPostprocessing = 0;
		};
/* End PBXFrameworksBuildPhase section */

/* Begin PBXGroup section */
		584972B32A5C5CB700CE105F /* TabBar */ = {
			isa = PBXGroup;
			children = (
				584972B42A5C5CCD00CE105F /* CustomTabBar.swift */,
				584972B62A5C666200CE105F /* TabBarButton.swift */,
			);
			path = TabBar;
			sourceTree = "<group>";
		};
		584DCE032A601EB400CB2AFC /* Frameworks */ = {
			isa = PBXGroup;
			children = (
				584DCE082A601EC100CB2AFC /* CoreData.framework */,
				584DCE062A601EBB00CB2AFC /* UIKit.framework */,
				584DCE042A601EB500CB2AFC /* SwiftUI.framework */,
			);
			name = Frameworks;
			sourceTree = "<group>";
		};
		585A00B52A5F0E380039125D /* CategoryPage */ = {
			isa = PBXGroup;
			children = (
				585A00B62A5F0E4F0039125D /* OfficePage.swift */,
			);
			path = CategoryPage;
			sourceTree = "<group>";
		};
		586373522A5EA54F00CF3F25 /* Search */ = {
			isa = PBXGroup;
			children = (
				586373542A5EA56300CF3F25 /* SearchResult.swift */,
				8FF52AB72A682EBB00E9B9D3 /* SearchResult2.swift */,
			);
			path = Search;
			sourceTree = "<group>";
		};
		586373562A5EA98B00CF3F25 /* Onboarding */ = {
			isa = PBXGroup;
			children = (
				5802E8B52A55B0BB00731E1C /* Splash.swift */,
				5802E8AB2A55732200731E1C /* Onboarding2.swift */,
				5802E8AD2A55803D00731E1C /* Onboarding3.swift */,
				58E662132A55231F0050A269 /* Onboarding.swift */,
				5802E8AF2A55830900731E1C /* LandingPage.swift */,
			);
			path = Onboarding;
			sourceTree = "<group>";
		};
		586373572A5EB12400CF3F25 /* StartingPoint */ = {
			isa = PBXGroup;
			children = (
				586373582A5EB13D00CF3F25 /* StartingPoint.swift */,
				5863735A2A5EB17A00CF3F25 /* Item.swift */,
			);
			path = StartingPoint;
			sourceTree = "<group>";
		};
		5863735F2A5EB73F00CF3F25 /* NavigationPage */ = {
			isa = PBXGroup;
			children = (
				586373602A5EB74D00CF3F25 /* MapPage.swift */,
				655D6E4A2A668021004554C3 /* MapNav.swift */,
				655D6E4C2A668079004554C3 /* MapNavView.swift */,
				655D6E4E2A6680AA004554C3 /* MapNavChecked.swift */,
				8FB91F8A2A65293000E4AD10 /* SummarizePage.swift */,
			);
			path = NavigationPage;
			sourceTree = "<group>";
		};
		58E662052A55231F0050A269 = {
			isa = PBXGroup;
			children = (
				58576C372A613BBA00281F08 /* .gitignore */,
				58D5F6FA2A59C66D0025FE09 /* codemagic.yaml */,
				8FB6EEC92A5C00E100B13F00 /* Model.xcdatamodeld */,
				58E662102A55231F0050A269 /* Binus Xplore */,
				58E662262A5523210050A269 /* Binus XploreTests */,
				58E662302A5523210050A269 /* Binus XploreUITests */,
				58E6620F2A55231F0050A269 /* Products */,
				584DCE032A601EB400CB2AFC /* Frameworks */,
			);
			sourceTree = "<group>";
		};
		58E6620F2A55231F0050A269 /* Products */ = {
			isa = PBXGroup;
			children = (
				58E6620E2A55231F0050A269 /* Binus Xplore.app */,
				58E662232A5523210050A269 /* Binus XploreTests.xctest */,
				58E6622D2A5523210050A269 /* Binus XploreUITests.xctest */,
			);
			name = Products;
			sourceTree = "<group>";
		};
		58E662102A55231F0050A269 /* Binus Xplore */ = {
			isa = PBXGroup;
			children = (
				8F0CFB782A6432C600EDDFE4 /* Pinpoint.swift */,
				8FB794E62A6144CA0022725D /* LoginRegister */,
				9A73A6072A60034C0054FD29 /* InformationCard */,
				584972B32A5C5CB700CE105F /* TabBar */,
				586373522A5EA54F00CF3F25 /* Search */,
				8FA26A032A5C718800B2A34D /* Bookmark.swift */,
				586373562A5EA98B00CF3F25 /* Onboarding */,
				586373572A5EB12400CF3F25 /* StartingPoint */,
				9A73A60E2A60044F0054FD29 /* back.swift */,
				5863735F2A5EB73F00CF3F25 /* NavigationPage */,
				58E662112A55231F0050A269 /* Binus_XploreApp.swift */,
				58E662152A5523210050A269 /* Assets.xcassets */,
				8F7FA6362A5D8FD3006BC3A1 /* HomeView.swift */,
				8F34C87C2A62269D000C16CE /* comparison.swift */,
				585A00B52A5F0E380039125D /* CategoryPage */,
				8FC160C42A5EF1D300EB8053 /* Profile.swift */,
				58E6621A2A5523210050A269 /* Persistence.swift */,
				58E6621C2A5523210050A269 /* Binus_Xplore.xcdatamodeld */,
				58E662172A5523210050A269 /* Preview Content */,
			);
			path = "Binus Xplore";
			sourceTree = "<group>";
		};
		58E662172A5523210050A269 /* Preview Content */ = {
			isa = PBXGroup;
			children = (
				58E662182A5523210050A269 /* Preview Assets.xcassets */,
			);
			path = "Preview Content";
			sourceTree = "<group>";
		};
		58E662262A5523210050A269 /* Binus XploreTests */ = {
			isa = PBXGroup;
			children = (
				58E662272A5523210050A269 /* Binus_XploreTests.swift */,
			);
			path = "Binus XploreTests";
			sourceTree = "<group>";
		};
		58E662302A5523210050A269 /* Binus XploreUITests */ = {
			isa = PBXGroup;
			children = (
				58E662312A5523210050A269 /* Binus_XploreUITests.swift */,
				58E662332A5523210050A269 /* Binus_XploreUITestsLaunchTests.swift */,
			);
			path = "Binus XploreUITests";
			sourceTree = "<group>";
		};
		8FB794E62A6144CA0022725D /* LoginRegister */ = {
			isa = PBXGroup;
			children = (
				8FB794E22A6144290022725D /* Loginpage.swift */,
				8FB794E42A6144970022725D /* Registerpage.swift */,
			);
			path = LoginRegister;
			sourceTree = "<group>";
		};
		9A73A6072A60034C0054FD29 /* InformationCard */ = {
			isa = PBXGroup;
			children = (
				9A73A6082A6003B20054FD29 /* informationCardView.swift */,
				8FF52AB92A682EFC00E9B9D3 /* informationCardView2.swift */,
				9A73A60A2A6003D20054FD29 /* informationContent.swift */,
				8FF52ABB2A682F2100E9B9D3 /* informationContent2.swift */,
				8FB794E02A6135020022725D /* ContentNav.swift */,
			);
			path = InformationCard;
			sourceTree = "<group>";
		};
/* End PBXGroup section */

/* Begin PBXNativeTarget section */
		58E6620D2A55231F0050A269 /* Binus Xplore */ = {
			isa = PBXNativeTarget;
			buildConfigurationList = 58E662372A5523210050A269 /* Build configuration list for PBXNativeTarget "Binus Xplore" */;
			buildPhases = (
				58E6620A2A55231F0050A269 /* Sources */,
				58E6620B2A55231F0050A269 /* Frameworks */,
				58E6620C2A55231F0050A269 /* Resources */,
			);
			buildRules = (
			);
			dependencies = (
			);
			name = "Binus Xplore";
			productName = "Binus Xplore";
			productReference = 58E6620E2A55231F0050A269 /* Binus Xplore.app */;
			productType = "com.apple.product-type.application";
		};
		58E662222A5523210050A269 /* Binus XploreTests */ = {
			isa = PBXNativeTarget;
			buildConfigurationList = 58E6623A2A5523210050A269 /* Build configuration list for PBXNativeTarget "Binus XploreTests" */;
			buildPhases = (
				58E6621F2A5523210050A269 /* Sources */,
				58E662202A5523210050A269 /* Frameworks */,
				58E662212A5523210050A269 /* Resources */,
			);
			buildRules = (
			);
			dependencies = (
				58E662252A5523210050A269 /* PBXTargetDependency */,
			);
			name = "Binus XploreTests";
			productName = "Binus XploreTests";
			productReference = 58E662232A5523210050A269 /* Binus XploreTests.xctest */;
			productType = "com.apple.product-type.bundle.unit-test";
		};
		58E6622C2A5523210050A269 /* Binus XploreUITests */ = {
			isa = PBXNativeTarget;
			buildConfigurationList = 58E6623D2A5523210050A269 /* Build configuration list for PBXNativeTarget "Binus XploreUITests" */;
			buildPhases = (
				58E662292A5523210050A269 /* Sources */,
				58E6622A2A5523210050A269 /* Frameworks */,
				58E6622B2A5523210050A269 /* Resources */,
			);
			buildRules = (
			);
			dependencies = (
				58E6622F2A5523210050A269 /* PBXTargetDependency */,
			);
			name = "Binus XploreUITests";
			productName = "Binus XploreUITests";
			productReference = 58E6622D2A5523210050A269 /* Binus XploreUITests.xctest */;
			productType = "com.apple.product-type.bundle.ui-testing";
		};
/* End PBXNativeTarget section */

/* Begin PBXProject section */
		58E662062A55231F0050A269 /* Project object */ = {
			isa = PBXProject;
			attributes = {
				BuildIndependentTargetsInParallel = 1;
				LastSwiftUpdateCheck = 1500;
				LastUpgradeCheck = 1500;
				TargetAttributes = {
					58E6620D2A55231F0050A269 = {
						CreatedOnToolsVersion = 15.0;
					};
					58E662222A5523210050A269 = {
						CreatedOnToolsVersion = 15.0;
						TestTargetID = 58E6620D2A55231F0050A269;
					};
					58E6622C2A5523210050A269 = {
						CreatedOnToolsVersion = 15.0;
						TestTargetID = 58E6620D2A55231F0050A269;
					};
				};
			};
			buildConfigurationList = 58E662092A55231F0050A269 /* Build configuration list for PBXProject "Binus Xplore" */;
			compatibilityVersion = "Xcode 14.0";
			developmentRegion = en;
			hasScannedForEncodings = 0;
			knownRegions = (
				en,
				Base,
			);
			mainGroup = 58E662052A55231F0050A269;
			productRefGroup = 58E6620F2A55231F0050A269 /* Products */;
			projectDirPath = "";
			projectRoot = "";
			targets = (
				58E6620D2A55231F0050A269 /* Binus Xplore */,
				58E662222A5523210050A269 /* Binus XploreTests */,
				58E6622C2A5523210050A269 /* Binus XploreUITests */,
			);
		};
/* End PBXProject section */

/* Begin PBXResourcesBuildPhase section */
		58E6620C2A55231F0050A269 /* Resources */ = {
			isa = PBXResourcesBuildPhase;
			buildActionMask = 2147483647;
			files = (
				58576C382A613BBA00281F08 /* .gitignore in Resources */,
				58D5F6FB2A59C66D0025FE09 /* codemagic.yaml in Resources */,
				58E662192A5523210050A269 /* Preview Assets.xcassets in Resources */,
				58E662162A5523210050A269 /* Assets.xcassets in Resources */,
			);
			runOnlyForDeploymentPostprocessing = 0;
		};
		58E662212A5523210050A269 /* Resources */ = {
			isa = PBXResourcesBuildPhase;
			buildActionMask = 2147483647;
			files = (
			);
			runOnlyForDeploymentPostprocessing = 0;
		};
		58E6622B2A5523210050A269 /* Resources */ = {
			isa = PBXResourcesBuildPhase;
			buildActionMask = 2147483647;
			files = (
			);
			runOnlyForDeploymentPostprocessing = 0;
		};
/* End PBXResourcesBuildPhase section */

/* Begin PBXSourcesBuildPhase section */
		58E6620A2A55231F0050A269 /* Sources */ = {
			isa = PBXSourcesBuildPhase;
			buildActionMask = 2147483647;
			files = (
				8F34C87D2A62269D000C16CE /* comparison.swift in Sources */,
				5802E8B02A55830900731E1C /* LandingPage.swift in Sources */,
				5802E8AE2A55803D00731E1C /* Onboarding3.swift in Sources */,
				655D6E4B2A668021004554C3 /* MapNav.swift in Sources */,
				586373612A5EB74D00CF3F25 /* MapPage.swift in Sources */,
				9A73A60B2A6003D20054FD29 /* informationContent.swift in Sources */,
				584972B52A5C5CCD00CE105F /* CustomTabBar.swift in Sources */,
				586373592A5EB13D00CF3F25 /* StartingPoint.swift in Sources */,
				655D6E4F2A6680AA004554C3 /* MapNavChecked.swift in Sources */,
				8F7FA6372A5D8FD3006BC3A1 /* HomeView.swift in Sources */,
				655D6E4D2A668079004554C3 /* MapNavView.swift in Sources */,
				8FB794E12A6135020022725D /* ContentNav.swift in Sources */,
				5802E8B62A55B0BB00731E1C /* Splash.swift in Sources */,
				8FB794E52A6144970022725D /* Registerpage.swift in Sources */,
				58E6621B2A5523210050A269 /* Persistence.swift in Sources */,
				8FB91F8B2A65293000E4AD10 /* SummarizePage.swift in Sources */,
				8FC160C52A5EF1D300EB8053 /* Profile.swift in Sources */,
				8FF52ABC2A682F2100E9B9D3 /* informationContent2.swift in Sources */,
				58E662142A55231F0050A269 /* Onboarding.swift in Sources */,
				5802E8AC2A55732200731E1C /* Onboarding2.swift in Sources */,
				58E662122A55231F0050A269 /* Binus_XploreApp.swift in Sources */,
				9A73A6092A6003B20054FD29 /* informationCardView.swift in Sources */,
				8FF52ABA2A682EFC00E9B9D3 /* informationCardView2.swift in Sources */,
				8FF52AB82A682EBB00E9B9D3 /* SearchResult2.swift in Sources */,
				584972B72A5C666200CE105F /* TabBarButton.swift in Sources */,
				5863735B2A5EB17A00CF3F25 /* Item.swift in Sources */,
				8FB6EECB2A5C00E100B13F00 /* Model.xcdatamodeld in Sources */,
				585A00B72A5F0E4F0039125D /* OfficePage.swift in Sources */,
				8F0CFB792A6432C600EDDFE4 /* Pinpoint.swift in Sources */,
				58E6621E2A5523210050A269 /* Binus_Xplore.xcdatamodeld in Sources */,
				8FB794E32A6144290022725D /* Loginpage.swift in Sources */,
				9A73A60F2A60044F0054FD29 /* back.swift in Sources */,
				8FA26A042A5C718800B2A34D /* Bookmark.swift in Sources */,
				586373552A5EA56300CF3F25 /* SearchResult.swift in Sources */,
			);
			runOnlyForDeploymentPostprocessing = 0;
		};
		58E6621F2A5523210050A269 /* Sources */ = {
			isa = PBXSourcesBuildPhase;
			buildActionMask = 2147483647;
			files = (
				58E662282A5523210050A269 /* Binus_XploreTests.swift in Sources */,
			);
			runOnlyForDeploymentPostprocessing = 0;
		};
		58E662292A5523210050A269 /* Sources */ = {
			isa = PBXSourcesBuildPhase;
			buildActionMask = 2147483647;
			files = (
				58E662342A5523210050A269 /* Binus_XploreUITestsLaunchTests.swift in Sources */,
				58E662322A5523210050A269 /* Binus_XploreUITests.swift in Sources */,
			);
			runOnlyForDeploymentPostprocessing = 0;
		};
/* End PBXSourcesBuildPhase section */

/* Begin PBXTargetDependency section */
		58E662252A5523210050A269 /* PBXTargetDependency */ = {
			isa = PBXTargetDependency;
			target = 58E6620D2A55231F0050A269 /* Binus Xplore */;
			targetProxy = 58E662242A5523210050A269 /* PBXContainerItemProxy */;
		};
		58E6622F2A5523210050A269 /* PBXTargetDependency */ = {
			isa = PBXTargetDependency;
			target = 58E6620D2A55231F0050A269 /* Binus Xplore */;
			targetProxy = 58E6622E2A5523210050A269 /* PBXContainerItemProxy */;
		};
/* End PBXTargetDependency section */

/* Begin XCBuildConfiguration section */
		58E662352A5523210050A269 /* Debug */ = {
			isa = XCBuildConfiguration;
			buildSettings = {
				ALWAYS_SEARCH_USER_PATHS = NO;
				ASSETCATALOG_COMPILER_GENERATE_SWIFT_ASSET_SYMBOL_EXTENSIONS = YES;
				CLANG_ANALYZER_NONNULL = YES;
				CLANG_ANALYZER_NUMBER_OBJECT_CONVERSION = YES_AGGRESSIVE;
				CLANG_CXX_LANGUAGE_STANDARD = "gnu++20";
				CLANG_ENABLE_MODULES = YES;
				CLANG_ENABLE_OBJC_ARC = YES;
				CLANG_ENABLE_OBJC_WEAK = YES;
				CLANG_WARN_BLOCK_CAPTURE_AUTORELEASING = YES;
				CLANG_WARN_BOOL_CONVERSION = YES;
				CLANG_WARN_COMMA = YES;
				CLANG_WARN_CONSTANT_CONVERSION = YES;
				CLANG_WARN_DEPRECATED_OBJC_IMPLEMENTATIONS = YES;
				CLANG_WARN_DIRECT_OBJC_ISA_USAGE = YES_ERROR;
				CLANG_WARN_DOCUMENTATION_COMMENTS = YES;
				CLANG_WARN_EMPTY_BODY = YES;
				CLANG_WARN_ENUM_CONVERSION = YES;
				CLANG_WARN_INFINITE_RECURSION = YES;
				CLANG_WARN_INT_CONVERSION = YES;
				CLANG_WARN_NON_LITERAL_NULL_CONVERSION = YES;
				CLANG_WARN_OBJC_IMPLICIT_RETAIN_SELF = YES;
				CLANG_WARN_OBJC_LITERAL_CONVERSION = YES;
				CLANG_WARN_OBJC_ROOT_CLASS = YES_ERROR;
				CLANG_WARN_QUOTED_INCLUDE_IN_FRAMEWORK_HEADER = YES;
				CLANG_WARN_RANGE_LOOP_ANALYSIS = YES;
				CLANG_WARN_STRICT_PROTOTYPES = YES;
				CLANG_WARN_SUSPICIOUS_MOVE = YES;
				CLANG_WARN_UNGUARDED_AVAILABILITY = YES_AGGRESSIVE;
				CLANG_WARN_UNREACHABLE_CODE = YES;
				CLANG_WARN__DUPLICATE_METHOD_MATCH = YES;
				COPY_PHASE_STRIP = NO;
				DEBUG_INFORMATION_FORMAT = dwarf;
				ENABLE_STRICT_OBJC_MSGSEND = YES;
				ENABLE_TESTABILITY = YES;
				ENABLE_USER_SCRIPT_SANDBOXING = YES;
				GCC_C_LANGUAGE_STANDARD = gnu17;
				GCC_DYNAMIC_NO_PIC = NO;
				GCC_NO_COMMON_BLOCKS = YES;
				GCC_OPTIMIZATION_LEVEL = 0;
				GCC_PREPROCESSOR_DEFINITIONS = (
					"DEBUG=1",
					"$(inherited)",
				);
				GCC_WARN_64_TO_32_BIT_CONVERSION = YES;
				GCC_WARN_ABOUT_RETURN_TYPE = YES_ERROR;
				GCC_WARN_UNDECLARED_SELECTOR = YES;
				GCC_WARN_UNINITIALIZED_AUTOS = YES_AGGRESSIVE;
				GCC_WARN_UNUSED_FUNCTION = YES;
				GCC_WARN_UNUSED_VARIABLE = YES;
				IPHONEOS_DEPLOYMENT_TARGET = 17.0;
				LOCALIZATION_PREFERS_STRING_CATALOGS = YES;
				MTL_ENABLE_DEBUG_INFO = INCLUDE_SOURCE;
				MTL_FAST_MATH = YES;
				ONLY_ACTIVE_ARCH = YES;
				SDKROOT = iphoneos;
				SWIFT_ACTIVE_COMPILATION_CONDITIONS = "DEBUG $(inherited)";
				SWIFT_OPTIMIZATION_LEVEL = "-Onone";
			};
			name = Debug;
		};
		58E662362A5523210050A269 /* Release */ = {
			isa = XCBuildConfiguration;
			buildSettings = {
				ALWAYS_SEARCH_USER_PATHS = NO;
				ASSETCATALOG_COMPILER_GENERATE_SWIFT_ASSET_SYMBOL_EXTENSIONS = YES;
				CLANG_ANALYZER_NONNULL = YES;
				CLANG_ANALYZER_NUMBER_OBJECT_CONVERSION = YES_AGGRESSIVE;
				CLANG_CXX_LANGUAGE_STANDARD = "gnu++20";
				CLANG_ENABLE_MODULES = YES;
				CLANG_ENABLE_OBJC_ARC = YES;
				CLANG_ENABLE_OBJC_WEAK = YES;
				CLANG_WARN_BLOCK_CAPTURE_AUTORELEASING = YES;
				CLANG_WARN_BOOL_CONVERSION = YES;
				CLANG_WARN_COMMA = YES;
				CLANG_WARN_CONSTANT_CONVERSION = YES;
				CLANG_WARN_DEPRECATED_OBJC_IMPLEMENTATIONS = YES;
				CLANG_WARN_DIRECT_OBJC_ISA_USAGE = YES_ERROR;
				CLANG_WARN_DOCUMENTATION_COMMENTS = YES;
				CLANG_WARN_EMPTY_BODY = YES;
				CLANG_WARN_ENUM_CONVERSION = YES;
				CLANG_WARN_INFINITE_RECURSION = YES;
				CLANG_WARN_INT_CONVERSION = YES;
				CLANG_WARN_NON_LITERAL_NULL_CONVERSION = YES;
				CLANG_WARN_OBJC_IMPLICIT_RETAIN_SELF = YES;
				CLANG_WARN_OBJC_LITERAL_CONVERSION = YES;
				CLANG_WARN_OBJC_ROOT_CLASS = YES_ERROR;
				CLANG_WARN_QUOTED_INCLUDE_IN_FRAMEWORK_HEADER = YES;
				CLANG_WARN_RANGE_LOOP_ANALYSIS = YES;
				CLANG_WARN_STRICT_PROTOTYPES = YES;
				CLANG_WARN_SUSPICIOUS_MOVE = YES;
				CLANG_WARN_UNGUARDED_AVAILABILITY = YES_AGGRESSIVE;
				CLANG_WARN_UNREACHABLE_CODE = YES;
				CLANG_WARN__DUPLICATE_METHOD_MATCH = YES;
				COPY_PHASE_STRIP = NO;
				DEBUG_INFORMATION_FORMAT = "dwarf-with-dsym";
				ENABLE_NS_ASSERTIONS = NO;
				ENABLE_STRICT_OBJC_MSGSEND = YES;
				ENABLE_USER_SCRIPT_SANDBOXING = YES;
				GCC_C_LANGUAGE_STANDARD = gnu17;
				GCC_NO_COMMON_BLOCKS = YES;
				GCC_WARN_64_TO_32_BIT_CONVERSION = YES;
				GCC_WARN_ABOUT_RETURN_TYPE = YES_ERROR;
				GCC_WARN_UNDECLARED_SELECTOR = YES;
				GCC_WARN_UNINITIALIZED_AUTOS = YES_AGGRESSIVE;
				GCC_WARN_UNUSED_FUNCTION = YES;
				GCC_WARN_UNUSED_VARIABLE = YES;
				IPHONEOS_DEPLOYMENT_TARGET = 17.0;
				LOCALIZATION_PREFERS_STRING_CATALOGS = YES;
				MTL_ENABLE_DEBUG_INFO = NO;
				MTL_FAST_MATH = YES;
				SDKROOT = iphoneos;
				SWIFT_COMPILATION_MODE = wholemodule;
				VALIDATE_PRODUCT = YES;
			};
			name = Release;
		};
		58E662382A5523210050A269 /* Debug */ = {
			isa = XCBuildConfiguration;
			buildSettings = {
				ASSETCATALOG_COMPILER_APPICON_NAME = AppIcon;
				ASSETCATALOG_COMPILER_GLOBAL_ACCENT_COLOR_NAME = AccentColor;
				CODE_SIGN_STYLE = Automatic;
				CURRENT_PROJECT_VERSION = 2;
				DEVELOPMENT_ASSET_PATHS = "\"Binus Xplore/Preview Content\"";
				DEVELOPMENT_TEAM = T8PA28UZH7;
				ENABLE_PREVIEWS = YES;
				GENERATE_INFOPLIST_FILE = YES;
				INFOPLIST_KEY_CFBundleDisplayName = "Binus Xplore";
				INFOPLIST_KEY_LSApplicationCategoryType = "public.app-category.utilities";
				INFOPLIST_KEY_UIApplicationSceneManifest_Generation = YES;
				INFOPLIST_KEY_UIApplicationSupportsIndirectInputEvents = YES;
				INFOPLIST_KEY_UILaunchScreen_Generation = YES;
				INFOPLIST_KEY_UISupportedInterfaceOrientations_iPad = "UIInterfaceOrientationPortrait UIInterfaceOrientationPortraitUpsideDown UIInterfaceOrientationLandscapeLeft UIInterfaceOrientationLandscapeRight";
				INFOPLIST_KEY_UISupportedInterfaceOrientations_iPhone = "UIInterfaceOrientationPortrait UIInterfaceOrientationLandscapeLeft UIInterfaceOrientationLandscapeRight";
				IPHONEOS_DEPLOYMENT_TARGET = 16.0;
				LD_RUNPATH_SEARCH_PATHS = (
					"$(inherited)",
					"@executable_path/Frameworks",
				);
				MARKETING_VERSION = 1.2;
				PRODUCT_BUNDLE_IDENTIFIER = "mzmznasipadang.Binus-Xplore";
				PRODUCT_NAME = "$(TARGET_NAME)";
				SWIFT_EMIT_LOC_STRINGS = YES;
				SWIFT_VERSION = 5.0;
				TARGETED_DEVICE_FAMILY = "1,2";
			};
			name = Debug;
		};
		58E662392A5523210050A269 /* Release */ = {
			isa = XCBuildConfiguration;
			buildSettings = {
				ASSETCATALOG_COMPILER_APPICON_NAME = AppIcon;
				ASSETCATALOG_COMPILER_GLOBAL_ACCENT_COLOR_NAME = AccentColor;
				CODE_SIGN_STYLE = Automatic;
				CURRENT_PROJECT_VERSION = 2;
				DEVELOPMENT_ASSET_PATHS = "\"Binus Xplore/Preview Content\"";
				DEVELOPMENT_TEAM = T8PA28UZH7;
				ENABLE_PREVIEWS = YES;
				GENERATE_INFOPLIST_FILE = YES;
				INFOPLIST_KEY_CFBundleDisplayName = "Binus Xplore";
				INFOPLIST_KEY_LSApplicationCategoryType = "public.app-category.utilities";
				INFOPLIST_KEY_UIApplicationSceneManifest_Generation = YES;
				INFOPLIST_KEY_UIApplicationSupportsIndirectInputEvents = YES;
				INFOPLIST_KEY_UILaunchScreen_Generation = YES;
				INFOPLIST_KEY_UISupportedInterfaceOrientations_iPad = "UIInterfaceOrientationPortrait UIInterfaceOrientationPortraitUpsideDown UIInterfaceOrientationLandscapeLeft UIInterfaceOrientationLandscapeRight";
				INFOPLIST_KEY_UISupportedInterfaceOrientations_iPhone = "UIInterfaceOrientationPortrait UIInterfaceOrientationLandscapeLeft UIInterfaceOrientationLandscapeRight";
				IPHONEOS_DEPLOYMENT_TARGET = 16.0;
				LD_RUNPATH_SEARCH_PATHS = (
					"$(inherited)",
					"@executable_path/Frameworks",
				);
				MARKETING_VERSION = 1.2;
				PRODUCT_BUNDLE_IDENTIFIER = "mzmznasipadang.Binus-Xplore";
				PRODUCT_NAME = "$(TARGET_NAME)";
				SWIFT_EMIT_LOC_STRINGS = YES;
				SWIFT_VERSION = 5.0;
				TARGETED_DEVICE_FAMILY = "1,2";
			};
			name = Release;
		};
		58E6623B2A5523210050A269 /* Debug */ = {
			isa = XCBuildConfiguration;
			buildSettings = {
				ALWAYS_EMBED_SWIFT_STANDARD_LIBRARIES = YES;
				BUNDLE_LOADER = "$(TEST_HOST)";
				CODE_SIGN_STYLE = Automatic;
				CURRENT_PROJECT_VERSION = 1;
				DEVELOPMENT_TEAM = T8PA28UZH7;
				GENERATE_INFOPLIST_FILE = YES;
				IPHONEOS_DEPLOYMENT_TARGET = 17.0;
				MARKETING_VERSION = 1.0;
				PRODUCT_BUNDLE_IDENTIFIER = "mzmznasipadang.Binus-XploreTests";
				PRODUCT_NAME = "$(TARGET_NAME)";
				SWIFT_EMIT_LOC_STRINGS = NO;
				SWIFT_VERSION = 5.0;
				TARGETED_DEVICE_FAMILY = "1,2";
				TEST_HOST = "$(BUILT_PRODUCTS_DIR)/Binus Xplore.app/$(BUNDLE_EXECUTABLE_FOLDER_PATH)/Binus Xplore";
			};
			name = Debug;
		};
		58E6623C2A5523210050A269 /* Release */ = {
			isa = XCBuildConfiguration;
			buildSettings = {
				ALWAYS_EMBED_SWIFT_STANDARD_LIBRARIES = YES;
				BUNDLE_LOADER = "$(TEST_HOST)";
				CODE_SIGN_STYLE = Automatic;
				CURRENT_PROJECT_VERSION = 1;
				DEVELOPMENT_TEAM = T8PA28UZH7;
				GENERATE_INFOPLIST_FILE = YES;
				IPHONEOS_DEPLOYMENT_TARGET = 17.0;
				MARKETING_VERSION = 1.0;
				PRODUCT_BUNDLE_IDENTIFIER = "mzmznasipadang.Binus-XploreTests";
				PRODUCT_NAME = "$(TARGET_NAME)";
				SWIFT_EMIT_LOC_STRINGS = NO;
				SWIFT_VERSION = 5.0;
				TARGETED_DEVICE_FAMILY = "1,2";
				TEST_HOST = "$(BUILT_PRODUCTS_DIR)/Binus Xplore.app/$(BUNDLE_EXECUTABLE_FOLDER_PATH)/Binus Xplore";
			};
			name = Release;
		};
		58E6623E2A5523210050A269 /* Debug */ = {
			isa = XCBuildConfiguration;
			buildSettings = {
				ALWAYS_EMBED_SWIFT_STANDARD_LIBRARIES = YES;
				CODE_SIGN_STYLE = Automatic;
				CURRENT_PROJECT_VERSION = 1;
				DEVELOPMENT_TEAM = T8PA28UZH7;
				GENERATE_INFOPLIST_FILE = YES;
				MARKETING_VERSION = 1.0;
				PRODUCT_BUNDLE_IDENTIFIER = "mzmznasipadang.Binus-XploreUITests";
				PRODUCT_NAME = "$(TARGET_NAME)";
				SWIFT_EMIT_LOC_STRINGS = NO;
				SWIFT_VERSION = 5.0;
				TARGETED_DEVICE_FAMILY = "1,2";
				TEST_TARGET_NAME = "Binus Xplore";
			};
			name = Debug;
		};
		58E6623F2A5523210050A269 /* Release */ = {
			isa = XCBuildConfiguration;
			buildSettings = {
				ALWAYS_EMBED_SWIFT_STANDARD_LIBRARIES = YES;
				CODE_SIGN_STYLE = Automatic;
				CURRENT_PROJECT_VERSION = 1;
				DEVELOPMENT_TEAM = T8PA28UZH7;
				GENERATE_INFOPLIST_FILE = YES;
				MARKETING_VERSION = 1.0;
				PRODUCT_BUNDLE_IDENTIFIER = "mzmznasipadang.Binus-XploreUITests";
				PRODUCT_NAME = "$(TARGET_NAME)";
				SWIFT_EMIT_LOC_STRINGS = NO;
				SWIFT_VERSION = 5.0;
				TARGETED_DEVICE_FAMILY = "1,2";
				TEST_TARGET_NAME = "Binus Xplore";
			};
			name = Release;
		};
/* End XCBuildConfiguration section */

/* Begin XCConfigurationList section */
		58E662092A55231F0050A269 /* Build configuration list for PBXProject "Binus Xplore" */ = {
			isa = XCConfigurationList;
			buildConfigurations = (
				58E662352A5523210050A269 /* Debug */,
				58E662362A5523210050A269 /* Release */,
			);
			defaultConfigurationIsVisible = 0;
			defaultConfigurationName = Release;
		};
		58E662372A5523210050A269 /* Build configuration list for PBXNativeTarget "Binus Xplore" */ = {
			isa = XCConfigurationList;
			buildConfigurations = (
				58E662382A5523210050A269 /* Debug */,
				58E662392A5523210050A269 /* Release */,
			);
			defaultConfigurationIsVisible = 0;
			defaultConfigurationName = Release;
		};
		58E6623A2A5523210050A269 /* Build configuration list for PBXNativeTarget "Binus XploreTests" */ = {
			isa = XCConfigurationList;
			buildConfigurations = (
				58E6623B2A5523210050A269 /* Debug */,
				58E6623C2A5523210050A269 /* Release */,
			);
			defaultConfigurationIsVisible = 0;
			defaultConfigurationName = Release;
		};
		58E6623D2A5523210050A269 /* Build configuration list for PBXNativeTarget "Binus XploreUITests" */ = {
			isa = XCConfigurationList;
			buildConfigurations = (
				58E6623E2A5523210050A269 /* Debug */,
				58E6623F2A5523210050A269 /* Release */,
			);
			defaultConfigurationIsVisible = 0;
			defaultConfigurationName = Release;
		};
/* End XCConfigurationList section */

/* Begin XCVersionGroup section */
		58E6621C2A5523210050A269 /* Binus_Xplore.xcdatamodeld */ = {
			isa = XCVersionGroup;
			children = (
				58E6621D2A5523210050A269 /* Binus_Xplore.xcdatamodel */,
			);
			currentVersion = 58E6621D2A5523210050A269 /* Binus_Xplore.xcdatamodel */;
			path = Binus_Xplore.xcdatamodeld;
			sourceTree = "<group>";
			versionGroupType = wrapper.xcdatamodel;
		};
		8FB6EEC92A5C00E100B13F00 /* Model.xcdatamodeld */ = {
			isa = XCVersionGroup;
			children = (
				8FB6EECA2A5C00E100B13F00 /* Model.xcdatamodel */,
			);
			currentVersion = 8FB6EECA2A5C00E100B13F00 /* Model.xcdatamodel */;
			path = Model.xcdatamodeld;
			sourceTree = "<group>";
			versionGroupType = wrapper.xcdatamodel;
		};
/* End XCVersionGroup section */
	};
	rootObject = 58E662062A55231F0050A269 /* Project object */;
}
